
Microsoft Visual Studio Solution File, Format Version 12.00
# Visual Studio Version 16
VisualStudioVersion = 16.0.28729.10
MinimumVisualStudioVersion = 10.0.40219.1
Project("{FAE04EC0-301F-11D3-BF4B-00C04F79EFBC}") = "Tarantula V0.2", "Tarantula V0.2\Tarantula V0.2.csproj", "{BCB7CD53-6C3F-4357-AFD0-91E7A7D2B15D}"
EndProject
Global
	GlobalSection(SolutionConfigurationPlatforms) = preSolution
		Debug|Any CPU = Debug|Any CPU
		Release|Any CPU = Release|Any CPU
	EndGlobalSection
	GlobalSection(ProjectConfigurationPlatforms) = postSolution
		{BCB7CD53-6C3F-4357-AFD0-91E7A7D2B15D}.Debug|Any CPU.ActiveCfg = Debug|Any CPU
		{BCB7CD53-6C3F-4357-AFD0-91E7A7D2B15D}.Debug|Any CPU.Build.0 = Debug|Any CPU
		{BCB7CD53-6C3F-4357-AFD0-91E7A7D2B15D}.Release|Any CPU.ActiveCfg = Release|Any CPU
		{BCB7CD53-6C3F-4357-AFD0-91E7A7D2B15D}.Release|Any CPU.Build.0 = Release|Any CPU
	EndGlobalSection
	GlobalSection(SolutionProperties) = preSolution
		HideSolutionNode = FALSE
	EndGlobalSection
	GlobalSection(ExtensibilityGlobals) = postSolution
		SolutionGuid = {EF4C5F8E-88BA-4656-84E9-A12C04E93B59}
	EndGlobalSection
EndGlobal
